// !$*UTF8*$!
{
	archiveVersion = 1;
	classes = {
	};
	objectVersion = 55;
	objects = {

/* Begin PBXBuildFile section */
		928EC7DD2851350D0039E811 /* EmptyViewCell.swift in Sources */ = {isa = PBXBuildFile; fileRef = 928EC7DC2851350D0039E811 /* EmptyViewCell.swift */; };
		928EC7DF285135430039E811 /* EmptyViewCell.xib in Resources */ = {isa = PBXBuildFile; fileRef = 928EC7DE285135430039E811 /* EmptyViewCell.xib */; };
		928EC7E128513D830039E811 /* EmptyCellViewModel.swift in Sources */ = {isa = PBXBuildFile; fileRef = 928EC7E028513D830039E811 /* EmptyCellViewModel.swift */; };
		928EC7E3285147200039E811 /* Home.swift in Sources */ = {isa = PBXBuildFile; fileRef = 928EC7E2285147200039E811 /* Home.swift */; };
		928EC7E5285148E10039E811 /* TopStoryCell.swift in Sources */ = {isa = PBXBuildFile; fileRef = 928EC7E4285148E10039E811 /* TopStoryCell.swift */; };
		928EC7E7285149250039E811 /* TopStoryCell.xib in Resources */ = {isa = PBXBuildFile; fileRef = 928EC7E6285149250039E811 /* TopStoryCell.xib */; };
		928EC7EA285165C40039E811 /* UIColor+Extension.swift in Sources */ = {isa = PBXBuildFile; fileRef = 928EC7E9285165C40039E811 /* UIColor+Extension.swift */; };
		928EC7EC285167100039E811 /* UIView+Extension.swift in Sources */ = {isa = PBXBuildFile; fileRef = 928EC7EB285167100039E811 /* UIView+Extension.swift */; };
		928EC7EE285168040039E811 /* TopStoryCellViewModel.swift in Sources */ = {isa = PBXBuildFile; fileRef = 928EC7ED285168040039E811 /* TopStoryCellViewModel.swift */; };
		928EC7F12851BBB50039E811 /* LoadingIndicatorCell.xib in Resources */ = {isa = PBXBuildFile; fileRef = 928EC7F02851BBB50039E811 /* LoadingIndicatorCell.xib */; };
		928EC7F32851BCFF0039E811 /* LoadingIndicatorCell.swift in Sources */ = {isa = PBXBuildFile; fileRef = 928EC7F22851BCFF0039E811 /* LoadingIndicatorCell.swift */; };
		928EC7F52851BE4B0039E811 /* LoadingIndicatorCellViewModel.swift in Sources */ = {isa = PBXBuildFile; fileRef = 928EC7F42851BE4B0039E811 /* LoadingIndicatorCellViewModel.swift */; };
		92A28263284EBEE50075F4C5 /* Tests_iOS.swift in Sources */ = {isa = PBXBuildFile; fileRef = 92A28262284EBEE50075F4C5 /* Tests_iOS.swift */; };
		92A28265284EBEE50075F4C5 /* Tests_iOSLaunchTests.swift in Sources */ = {isa = PBXBuildFile; fileRef = 92A28264284EBEE50075F4C5 /* Tests_iOSLaunchTests.swift */; };
		92A28272284EBEE50075F4C5 /* NewYorkTimesTopStoriesApp.swift in Sources */ = {isa = PBXBuildFile; fileRef = 92A2824A284EBEE30075F4C5 /* NewYorkTimesTopStoriesApp.swift */; };
		92A28273284EBEE50075F4C5 /* NewYorkTimesTopStoriesApp.swift in Sources */ = {isa = PBXBuildFile; fileRef = 92A2824A284EBEE30075F4C5 /* NewYorkTimesTopStoriesApp.swift */; };
		92A28274284EBEE50075F4C5 /* ContentView.swift in Sources */ = {isa = PBXBuildFile; fileRef = 92A2824B284EBEE30075F4C5 /* ContentView.swift */; };
		92A28275284EBEE50075F4C5 /* ContentView.swift in Sources */ = {isa = PBXBuildFile; fileRef = 92A2824B284EBEE30075F4C5 /* ContentView.swift */; };
		92A28276284EBEE50075F4C5 /* Assets.xcassets in Resources */ = {isa = PBXBuildFile; fileRef = 92A2824C284EBEE50075F4C5 /* Assets.xcassets */; };
		92A28277284EBEE50075F4C5 /* Assets.xcassets in Resources */ = {isa = PBXBuildFile; fileRef = 92A2824C284EBEE50075F4C5 /* Assets.xcassets */; };
		92A28287284ED3690075F4C5 /* HomePage.swift in Sources */ = {isa = PBXBuildFile; fileRef = 92A28286284ED3690075F4C5 /* HomePage.swift */; };
		92A28288284ED3690075F4C5 /* HomePage.swift in Sources */ = {isa = PBXBuildFile; fileRef = 92A28286284ED3690075F4C5 /* HomePage.swift */; };
		92A2828A284ED39F0075F4C5 /* HomeViewController.swift in Sources */ = {isa = PBXBuildFile; fileRef = 92A28289284ED39F0075F4C5 /* HomeViewController.swift */; };
		92A2828B284ED39F0075F4C5 /* HomeViewController.swift in Sources */ = {isa = PBXBuildFile; fileRef = 92A28289284ED39F0075F4C5 /* HomeViewController.swift */; };
		92A2828E284ED4E10075F4C5 /* HomeViewController.xib in Resources */ = {isa = PBXBuildFile; fileRef = 92A2828D284ED4E10075F4C5 /* HomeViewController.xib */; };
		92A2828F284ED4E10075F4C5 /* HomeViewController.xib in Resources */ = {isa = PBXBuildFile; fileRef = 92A2828D284ED4E10075F4C5 /* HomeViewController.xib */; };
		92BAA6492853DEF700CCECF1 /* TopStoriesAPI.swift in Sources */ = {isa = PBXBuildFile; fileRef = 92BAA6482853DEF700CCECF1 /* TopStoriesAPI.swift */; };
		92BAA64A2853DEF700CCECF1 /* TopStoriesAPI.swift in Sources */ = {isa = PBXBuildFile; fileRef = 92BAA6482853DEF700CCECF1 /* TopStoriesAPI.swift */; };
		92D0C93128505ED900543A3D /* HomeViewModel.swift in Sources */ = {isa = PBXBuildFile; fileRef = 92D0C93028505ED900543A3D /* HomeViewModel.swift */; };
		92D0C93228505ED900543A3D /* HomeViewModel.swift in Sources */ = {isa = PBXBuildFile; fileRef = 92D0C93028505ED900543A3D /* HomeViewModel.swift */; };
/* End PBXBuildFile section */

/* Begin PBXContainerItemProxy section */
		92A2825F284EBEE50075F4C5 /* PBXContainerItemProxy */ = {
			isa = PBXContainerItemProxy;
			containerPortal = 92A28245284EBEE30075F4C5 /* Project object */;
			proxyType = 1;
			remoteGlobalIDString = 92A28250284EBEE50075F4C5;
			remoteInfo = "NewYorkTimesTopStories (iOS)";
		};
		92A2826B284EBEE50075F4C5 /* PBXContainerItemProxy */ = {
			isa = PBXContainerItemProxy;
			containerPortal = 92A28245284EBEE30075F4C5 /* Project object */;
			proxyType = 1;
			remoteGlobalIDString = 92A28256284EBEE50075F4C5;
			remoteInfo = "NewYorkTimesTopStories (macOS)";
		};
/* End PBXContainerItemProxy section */

/* Begin PBXFileReference section */
		928EC7DC2851350D0039E811 /* EmptyViewCell.swift */ = {isa = PBXFileReference; lastKnownFileType = sourcecode.swift; path = EmptyViewCell.swift; sourceTree = "<group>"; };
		928EC7DE285135430039E811 /* EmptyViewCell.xib */ = {isa = PBXFileReference; lastKnownFileType = file.xib; path = EmptyViewCell.xib; sourceTree = "<group>"; };
		928EC7E028513D830039E811 /* EmptyCellViewModel.swift */ = {isa = PBXFileReference; lastKnownFileType = sourcecode.swift; path = EmptyCellViewModel.swift; sourceTree = "<group>"; };
		928EC7E2285147200039E811 /* Home.swift */ = {isa = PBXFileReference; lastKnownFileType = sourcecode.swift; path = Home.swift; sourceTree = "<group>"; };
		928EC7E4285148E10039E811 /* TopStoryCell.swift */ = {isa = PBXFileReference; lastKnownFileType = sourcecode.swift; path = TopStoryCell.swift; sourceTree = "<group>"; };
		928EC7E6285149250039E811 /* TopStoryCell.xib */ = {isa = PBXFileReference; lastKnownFileType = file.xib; path = TopStoryCell.xib; sourceTree = "<group>"; };
		928EC7E9285165C40039E811 /* UIColor+Extension.swift */ = {isa = PBXFileReference; lastKnownFileType = sourcecode.swift; path = "UIColor+Extension.swift"; sourceTree = "<group>"; };
		928EC7EB285167100039E811 /* UIView+Extension.swift */ = {isa = PBXFileReference; lastKnownFileType = sourcecode.swift; path = "UIView+Extension.swift"; sourceTree = "<group>"; };
		928EC7ED285168040039E811 /* TopStoryCellViewModel.swift */ = {isa = PBXFileReference; lastKnownFileType = sourcecode.swift; path = TopStoryCellViewModel.swift; sourceTree = "<group>"; };
		928EC7F02851BBB50039E811 /* LoadingIndicatorCell.xib */ = {isa = PBXFileReference; lastKnownFileType = file.xib; path = LoadingIndicatorCell.xib; sourceTree = "<group>"; };
		928EC7F22851BCFF0039E811 /* LoadingIndicatorCell.swift */ = {isa = PBXFileReference; lastKnownFileType = sourcecode.swift; path = LoadingIndicatorCell.swift; sourceTree = "<group>"; };
		928EC7F42851BE4B0039E811 /* LoadingIndicatorCellViewModel.swift */ = {isa = PBXFileReference; lastKnownFileType = sourcecode.swift; path = LoadingIndicatorCellViewModel.swift; sourceTree = "<group>"; };
		92A2824A284EBEE30075F4C5 /* NewYorkTimesTopStoriesApp.swift */ = {isa = PBXFileReference; lastKnownFileType = sourcecode.swift; path = NewYorkTimesTopStoriesApp.swift; sourceTree = "<group>"; };
		92A2824B284EBEE30075F4C5 /* ContentView.swift */ = {isa = PBXFileReference; lastKnownFileType = sourcecode.swift; path = ContentView.swift; sourceTree = "<group>"; };
		92A2824C284EBEE50075F4C5 /* Assets.xcassets */ = {isa = PBXFileReference; lastKnownFileType = folder.assetcatalog; path = Assets.xcassets; sourceTree = "<group>"; };
		92A28251284EBEE50075F4C5 /* NewYorkTimesTopStories.app */ = {isa = PBXFileReference; explicitFileType = wrapper.application; includeInIndex = 0; path = NewYorkTimesTopStories.app; sourceTree = BUILT_PRODUCTS_DIR; };
		92A28257284EBEE50075F4C5 /* NewYorkTimesTopStories.app */ = {isa = PBXFileReference; explicitFileType = wrapper.application; includeInIndex = 0; path = NewYorkTimesTopStories.app; sourceTree = BUILT_PRODUCTS_DIR; };
		92A2825E284EBEE50075F4C5 /* Tests iOS.xctest */ = {isa = PBXFileReference; explicitFileType = wrapper.cfbundle; includeInIndex = 0; path = "Tests iOS.xctest"; sourceTree = BUILT_PRODUCTS_DIR; };
		92A28262284EBEE50075F4C5 /* Tests_iOS.swift */ = {isa = PBXFileReference; lastKnownFileType = sourcecode.swift; path = Tests_iOS.swift; sourceTree = "<group>"; };
		92A28264284EBEE50075F4C5 /* Tests_iOSLaunchTests.swift */ = {isa = PBXFileReference; lastKnownFileType = sourcecode.swift; path = Tests_iOSLaunchTests.swift; sourceTree = "<group>"; };
		92A2826A284EBEE50075F4C5 /* Tests macOS.xctest */ = {isa = PBXFileReference; explicitFileType = wrapper.cfbundle; includeInIndex = 0; path = "Tests macOS.xctest"; sourceTree = BUILT_PRODUCTS_DIR; };
		92A28286284ED3690075F4C5 /* HomePage.swift */ = {isa = PBXFileReference; lastKnownFileType = sourcecode.swift; path = HomePage.swift; sourceTree = "<group>"; };
		92A28289284ED39F0075F4C5 /* HomeViewController.swift */ = {isa = PBXFileReference; lastKnownFileType = sourcecode.swift; path = HomeViewController.swift; sourceTree = "<group>"; };
		92A2828D284ED4E10075F4C5 /* HomeViewController.xib */ = {isa = PBXFileReference; lastKnownFileType = file.xib; path = HomeViewController.xib; sourceTree = "<group>"; };
		92BAA6482853DEF700CCECF1 /* TopStoriesAPI.swift */ = {isa = PBXFileReference; lastKnownFileType = sourcecode.swift; path = TopStoriesAPI.swift; sourceTree = "<group>"; };
		92D0C93028505ED900543A3D /* HomeViewModel.swift */ = {isa = PBXFileReference; lastKnownFileType = sourcecode.swift; path = HomeViewModel.swift; sourceTree = "<group>"; };
/* End PBXFileReference section */

/* Begin PBXFrameworksBuildPhase section */
		92A2824E284EBEE50075F4C5 /* Frameworks */ = {
			isa = PBXFrameworksBuildPhase;
			buildActionMask = 2147483647;
			files = (
			);
			runOnlyForDeploymentPostprocessing = 0;
		};
		92A28254284EBEE50075F4C5 /* Frameworks */ = {
			isa = PBXFrameworksBuildPhase;
			buildActionMask = 2147483647;
			files = (
			);
			runOnlyForDeploymentPostprocessing = 0;
		};
		92A2825B284EBEE50075F4C5 /* Frameworks */ = {
			isa = PBXFrameworksBuildPhase;
			buildActionMask = 2147483647;
			files = (
			);
			runOnlyForDeploymentPostprocessing = 0;
		};
		92A28267284EBEE50075F4C5 /* Frameworks */ = {
			isa = PBXFrameworksBuildPhase;
			buildActionMask = 2147483647;
			files = (
			);
			runOnlyForDeploymentPostprocessing = 0;
		};
/* End PBXFrameworksBuildPhase section */

/* Begin PBXGroup section */
		928EC7DB285135010039E811 /* Cells */ = {
			isa = PBXGroup;
			children = (
				928EC7EF2851681C0039E811 /* CellViewModels */,
				928EC7DC2851350D0039E811 /* EmptyViewCell.swift */,
				928EC7DE285135430039E811 /* EmptyViewCell.xib */,
				928EC7F22851BCFF0039E811 /* LoadingIndicatorCell.swift */,
				928EC7F02851BBB50039E811 /* LoadingIndicatorCell.xib */,
				928EC7E4285148E10039E811 /* TopStoryCell.swift */,
				928EC7E6285149250039E811 /* TopStoryCell.xib */,
			);
			path = Cells;
			sourceTree = "<group>";
		};
		928EC7E8285165B30039E811 /* Utils */ = {
			isa = PBXGroup;
			children = (
				928EC7E9285165C40039E811 /* UIColor+Extension.swift */,
				928EC7EB285167100039E811 /* UIView+Extension.swift */,
			);
			path = Utils;
			sourceTree = "<group>";
		};
		928EC7EF2851681C0039E811 /* CellViewModels */ = {
			isa = PBXGroup;
			children = (
				928EC7E028513D830039E811 /* EmptyCellViewModel.swift */,
				928EC7ED285168040039E811 /* TopStoryCellViewModel.swift */,
				928EC7F42851BE4B0039E811 /* LoadingIndicatorCellViewModel.swift */,
			);
			path = CellViewModels;
			sourceTree = "<group>";
		};
		92A28244284EBEE30075F4C5 = {
			isa = PBXGroup;
			children = (
				92A28249284EBEE30075F4C5 /* Shared */,
				92A28261284EBEE50075F4C5 /* Tests iOS */,
				92A28252284EBEE50075F4C5 /* Products */,
			);
			sourceTree = "<group>";
		};
		92A28249284EBEE30075F4C5 /* Shared */ = {
			isa = PBXGroup;
			children = (
				928EC7E8285165B30039E811 /* Utils */,
				92A2828C284ED4BD0075F4C5 /* Home */,
				92A2824A284EBEE30075F4C5 /* NewYorkTimesTopStoriesApp.swift */,
				92BAA6482853DEF700CCECF1 /* TopStoriesAPI.swift */,
				92A2824B284EBEE30075F4C5 /* ContentView.swift */,
				92A2824C284EBEE50075F4C5 /* Assets.xcassets */,
			);
			path = Shared;
			sourceTree = "<group>";
		};
		92A28252284EBEE50075F4C5 /* Products */ = {
			isa = PBXGroup;
			children = (
				92A28251284EBEE50075F4C5 /* NewYorkTimesTopStories.app */,
				92A28257284EBEE50075F4C5 /* NewYorkTimesTopStories.app */,
				92A2825E284EBEE50075F4C5 /* Tests iOS.xctest */,
				92A2826A284EBEE50075F4C5 /* Tests macOS.xctest */,
			);
			name = Products;
			sourceTree = "<group>";
		};
		92A28261284EBEE50075F4C5 /* Tests iOS */ = {
			isa = PBXGroup;
			children = (
				92A28262284EBEE50075F4C5 /* Tests_iOS.swift */,
				92A28264284EBEE50075F4C5 /* Tests_iOSLaunchTests.swift */,
			);
			path = "Tests iOS";
			sourceTree = "<group>";
		};
		92A2828C284ED4BD0075F4C5 /* Home */ = {
			isa = PBXGroup;
			children = (
				928EC7DB285135010039E811 /* Cells */,
				928EC7E2285147200039E811 /* Home.swift */,
				92A28286284ED3690075F4C5 /* HomePage.swift */,
				92A28289284ED39F0075F4C5 /* HomeViewController.swift */,
				92A2828D284ED4E10075F4C5 /* HomeViewController.xib */,
				92D0C93028505ED900543A3D /* HomeViewModel.swift */,
			);
			path = Home;
			sourceTree = "<group>";
		};
/* End PBXGroup section */

/* Begin PBXNativeTarget section */
		92A28250284EBEE50075F4C5 /* NewYorkTimesTopStories (iOS) */ = {
			isa = PBXNativeTarget;
			buildConfigurationList = 92A2827A284EBEE50075F4C5 /* Build configuration list for PBXNativeTarget "NewYorkTimesTopStories (iOS)" */;
			buildPhases = (
				92A2824D284EBEE50075F4C5 /* Sources */,
				92A2824E284EBEE50075F4C5 /* Frameworks */,
				92A2824F284EBEE50075F4C5 /* Resources */,
			);
			buildRules = (
			);
			dependencies = (
			);
			name = "NewYorkTimesTopStories (iOS)";
			productName = "NewYorkTimesTopStories (iOS)";
			productReference = 92A28251284EBEE50075F4C5 /* NewYorkTimesTopStories.app */;
			productType = "com.apple.product-type.application";
		};
		92A28256284EBEE50075F4C5 /* NewYorkTimesTopStories (macOS) */ = {
			isa = PBXNativeTarget;
			buildConfigurationList = 92A2827D284EBEE50075F4C5 /* Build configuration list for PBXNativeTarget "NewYorkTimesTopStories (macOS)" */;
			buildPhases = (
				92A28253284EBEE50075F4C5 /* Sources */,
				92A28254284EBEE50075F4C5 /* Frameworks */,
				92A28255284EBEE50075F4C5 /* Resources */,
			);
			buildRules = (
			);
			dependencies = (
			);
			name = "NewYorkTimesTopStories (macOS)";
			productName = "NewYorkTimesTopStories (macOS)";
			productReference = 92A28257284EBEE50075F4C5 /* NewYorkTimesTopStories.app */;
			productType = "com.apple.product-type.application";
		};
		92A2825D284EBEE50075F4C5 /* Tests iOS */ = {
			isa = PBXNativeTarget;
			buildConfigurationList = 92A28280284EBEE50075F4C5 /* Build configuration list for PBXNativeTarget "Tests iOS" */;
			buildPhases = (
				92A2825A284EBEE50075F4C5 /* Sources */,
				92A2825B284EBEE50075F4C5 /* Frameworks */,
				92A2825C284EBEE50075F4C5 /* Resources */,
			);
			buildRules = (
			);
			dependencies = (
				92A28260284EBEE50075F4C5 /* PBXTargetDependency */,
			);
			name = "Tests iOS";
			productName = "Tests iOS";
			productReference = 92A2825E284EBEE50075F4C5 /* Tests iOS.xctest */;
			productType = "com.apple.product-type.bundle.ui-testing";
		};
		92A28269284EBEE50075F4C5 /* Tests macOS */ = {
			isa = PBXNativeTarget;
			buildConfigurationList = 92A28283284EBEE50075F4C5 /* Build configuration list for PBXNativeTarget "Tests macOS" */;
			buildPhases = (
				92A28266284EBEE50075F4C5 /* Sources */,
				92A28267284EBEE50075F4C5 /* Frameworks */,
				92A28268284EBEE50075F4C5 /* Resources */,
			);
			buildRules = (
			);
			dependencies = (
				92A2826C284EBEE50075F4C5 /* PBXTargetDependency */,
			);
			name = "Tests macOS";
			productName = "Tests macOS";
			productReference = 92A2826A284EBEE50075F4C5 /* Tests macOS.xctest */;
			productType = "com.apple.product-type.bundle.ui-testing";
		};
/* End PBXNativeTarget section */

/* Begin PBXProject section */
		92A28245284EBEE30075F4C5 /* Project object */ = {
			isa = PBXProject;
			attributes = {
				BuildIndependentTargetsInParallel = 1;
				LastSwiftUpdateCheck = 1340;
				LastUpgradeCheck = 1340;
				TargetAttributes = {
					92A28250284EBEE50075F4C5 = {
						CreatedOnToolsVersion = 13.4.1;
					};
					92A28256284EBEE50075F4C5 = {
						CreatedOnToolsVersion = 13.4.1;
					};
					92A2825D284EBEE50075F4C5 = {
						CreatedOnToolsVersion = 13.4.1;
						TestTargetID = 92A28250284EBEE50075F4C5;
					};
					92A28269284EBEE50075F4C5 = {
						CreatedOnToolsVersion = 13.4.1;
						TestTargetID = 92A28256284EBEE50075F4C5;
					};
				};
			};
			buildConfigurationList = 92A28248284EBEE30075F4C5 /* Build configuration list for PBXProject "NewYorkTimesTopStories" */;
			compatibilityVersion = "Xcode 13.0";
			developmentRegion = en;
			hasScannedForEncodings = 0;
			knownRegions = (
				en,
				Base,
			);
			mainGroup = 92A28244284EBEE30075F4C5;
			productRefGroup = 92A28252284EBEE50075F4C5 /* Products */;
			projectDirPath = "";
			projectRoot = "";
			targets = (
				92A28250284EBEE50075F4C5 /* NewYorkTimesTopStories (iOS) */,
				92A28256284EBEE50075F4C5 /* NewYorkTimesTopStories (macOS) */,
				92A2825D284EBEE50075F4C5 /* Tests iOS */,
				92A28269284EBEE50075F4C5 /* Tests macOS */,
			);
		};
/* End PBXProject section */

/* Begin PBXResourcesBuildPhase section */
		92A2824F284EBEE50075F4C5 /* Resources */ = {
			isa = PBXResourcesBuildPhase;
			buildActionMask = 2147483647;
			files = (
				92A28276284EBEE50075F4C5 /* Assets.xcassets in Resources */,
				928EC7E7285149250039E811 /* TopStoryCell.xib in Resources */,
				92A2828E284ED4E10075F4C5 /* HomeViewController.xib in Resources */,
				928EC7F12851BBB50039E811 /* LoadingIndicatorCell.xib in Resources */,
				928EC7DF285135430039E811 /* EmptyViewCell.xib in Resources */,
			);
			runOnlyForDeploymentPostprocessing = 0;
		};
		92A28255284EBEE50075F4C5 /* Resources */ = {
			isa = PBXResourcesBuildPhase;
			buildActionMask = 2147483647;
			files = (
				92A28277284EBEE50075F4C5 /* Assets.xcassets in Resources */,
				92A2828F284ED4E10075F4C5 /* HomeViewController.xib in Resources */,
			);
			runOnlyForDeploymentPostprocessing = 0;
		};
		92A2825C284EBEE50075F4C5 /* Resources */ = {
			isa = PBXResourcesBuildPhase;
			buildActionMask = 2147483647;
			files = (
			);
			runOnlyForDeploymentPostprocessing = 0;
		};
		92A28268284EBEE50075F4C5 /* Resources */ = {
			isa = PBXResourcesBuildPhase;
			buildActionMask = 2147483647;
			files = (
			);
			runOnlyForDeploymentPostprocessing = 0;
		};
/* End PBXResourcesBuildPhase section */

/* Begin PBXSourcesBuildPhase section */
		92A2824D284EBEE50075F4C5 /* Sources */ = {
			isa = PBXSourcesBuildPhase;
			buildActionMask = 2147483647;
			files = (
				928EC7EC285167100039E811 /* UIView+Extension.swift in Sources */,
				92A28287284ED3690075F4C5 /* HomePage.swift in Sources */,
				928EC7EE285168040039E811 /* TopStoryCellViewModel.swift in Sources */,
				928EC7E128513D830039E811 /* EmptyCellViewModel.swift in Sources */,
				928EC7E5285148E10039E811 /* TopStoryCell.swift in Sources */,
				928EC7F52851BE4B0039E811 /* LoadingIndicatorCellViewModel.swift in Sources */,
				928EC7DD2851350D0039E811 /* EmptyViewCell.swift in Sources */,
				92A28274284EBEE50075F4C5 /* ContentView.swift in Sources */,
				92BAA6492853DEF700CCECF1 /* TopStoriesAPI.swift in Sources */,
				92A28272284EBEE50075F4C5 /* NewYorkTimesTopStoriesApp.swift in Sources */,
				92D0C93128505ED900543A3D /* HomeViewModel.swift in Sources */,
				928EC7E3285147200039E811 /* Home.swift in Sources */,
				92A2828A284ED39F0075F4C5 /* HomeViewController.swift in Sources */,
				928EC7EA285165C40039E811 /* UIColor+Extension.swift in Sources */,
				928EC7F32851BCFF0039E811 /* LoadingIndicatorCell.swift in Sources */,
			);
			runOnlyForDeploymentPostprocessing = 0;
		};
		92A28253284EBEE50075F4C5 /* Sources */ = {
			isa = PBXSourcesBuildPhase;
			buildActionMask = 2147483647;
			files = (
				92A28288284ED3690075F4C5 /* HomePage.swift in Sources */,
				92A28275284EBEE50075F4C5 /* ContentView.swift in Sources */,
				92BAA64A2853DEF700CCECF1 /* TopStoriesAPI.swift in Sources */,
				92A28273284EBEE50075F4C5 /* NewYorkTimesTopStoriesApp.swift in Sources */,
				92D0C93228505ED900543A3D /* HomeViewModel.swift in Sources */,
				92A2828B284ED39F0075F4C5 /* HomeViewController.swift in Sources */,
			);
			runOnlyForDeploymentPostprocessing = 0;
		};
		92A2825A284EBEE50075F4C5 /* Sources */ = {
			isa = PBXSourcesBuildPhase;
			buildActionMask = 2147483647;
			files = (
				92A28265284EBEE50075F4C5 /* Tests_iOSLaunchTests.swift in Sources */,
				92A28263284EBEE50075F4C5 /* Tests_iOS.swift in Sources */,
			);
			runOnlyForDeploymentPostprocessing = 0;
		};
		92A28266284EBEE50075F4C5 /* Sources */ = {
			isa = PBXSourcesBuildPhase;
			buildActionMask = 2147483647;
			files = (
			);
			runOnlyForDeploymentPostprocessing = 0;
		};
/* End PBXSourcesBuildPhase section */

/* Begin PBXTargetDependency section */
		92A28260284EBEE50075F4C5 /* PBXTargetDependency */ = {
			isa = PBXTargetDependency;
			target = 92A28250284EBEE50075F4C5 /* NewYorkTimesTopStories (iOS) */;
			targetProxy = 92A2825F284EBEE50075F4C5 /* PBXContainerItemProxy */;
		};
		92A2826C284EBEE50075F4C5 /* PBXTargetDependency */ = {
			isa = PBXTargetDependency;
			target = 92A28256284EBEE50075F4C5 /* NewYorkTimesTopStories (macOS) */;
			targetProxy = 92A2826B284EBEE50075F4C5 /* PBXContainerItemProxy */;
		};
/* End PBXTargetDependency section */

/* Begin XCBuildConfiguration section */
		92A28278284EBEE50075F4C5 /* Debug */ = {
			isa = XCBuildConfiguration;
			buildSettings = {
				ALWAYS_SEARCH_USER_PATHS = NO;
				CLANG_ANALYZER_NONNULL = YES;
				CLANG_ANALYZER_NUMBER_OBJECT_CONVERSION = YES_AGGRESSIVE;
				CLANG_CXX_LANGUAGE_STANDARD = "gnu++17";
				CLANG_ENABLE_MODULES = YES;
				CLANG_ENABLE_OBJC_ARC = YES;
				CLANG_ENABLE_OBJC_WEAK = YES;
				CLANG_WARN_BLOCK_CAPTURE_AUTORELEASING = YES;
				CLANG_WARN_BOOL_CONVERSION = YES;
				CLANG_WARN_COMMA = YES;
				CLANG_WARN_CONSTANT_CONVERSION = YES;
				CLANG_WARN_DEPRECATED_OBJC_IMPLEMENTATIONS = YES;
				CLANG_WARN_DIRECT_OBJC_ISA_USAGE = YES_ERROR;
				CLANG_WARN_DOCUMENTATION_COMMENTS = YES;
				CLANG_WARN_EMPTY_BODY = YES;
				CLANG_WARN_ENUM_CONVERSION = YES;
				CLANG_WARN_INFINITE_RECURSION = YES;
				CLANG_WARN_INT_CONVERSION = YES;
				CLANG_WARN_NON_LITERAL_NULL_CONVERSION = YES;
				CLANG_WARN_OBJC_IMPLICIT_RETAIN_SELF = YES;
				CLANG_WARN_OBJC_LITERAL_CONVERSION = YES;
				CLANG_WARN_OBJC_ROOT_CLASS = YES_ERROR;
				CLANG_WARN_QUOTED_INCLUDE_IN_FRAMEWORK_HEADER = YES;
				CLANG_WARN_RANGE_LOOP_ANALYSIS = YES;
				CLANG_WARN_STRICT_PROTOTYPES = YES;
				CLANG_WARN_SUSPICIOUS_MOVE = YES;
				CLANG_WARN_UNGUARDED_AVAILABILITY = YES_AGGRESSIVE;
				CLANG_WARN_UNREACHABLE_CODE = YES;
				CLANG_WARN__DUPLICATE_METHOD_MATCH = YES;
				COPY_PHASE_STRIP = NO;
				DEBUG_INFORMATION_FORMAT = dwarf;
				ENABLE_STRICT_OBJC_MSGSEND = YES;
				ENABLE_TESTABILITY = YES;
				GCC_C_LANGUAGE_STANDARD = gnu11;
				GCC_DYNAMIC_NO_PIC = NO;
				GCC_NO_COMMON_BLOCKS = YES;
				GCC_OPTIMIZATION_LEVEL = 0;
				GCC_PREPROCESSOR_DEFINITIONS = (
					"DEBUG=1",
					"$(inherited)",
				);
				GCC_WARN_64_TO_32_BIT_CONVERSION = YES;
				GCC_WARN_ABOUT_RETURN_TYPE = YES_ERROR;
				GCC_WARN_UNDECLARED_SELECTOR = YES;
				GCC_WARN_UNINITIALIZED_AUTOS = YES_AGGRESSIVE;
				GCC_WARN_UNUSED_FUNCTION = YES;
				GCC_WARN_UNUSED_VARIABLE = YES;
				MTL_ENABLE_DEBUG_INFO = INCLUDE_SOURCE;
				MTL_FAST_MATH = YES;
				ONLY_ACTIVE_ARCH = YES;
				SWIFT_ACTIVE_COMPILATION_CONDITIONS = DEBUG;
				SWIFT_OPTIMIZATION_LEVEL = "-Onone";
			};
			name = Debug;
		};
		92A28279284EBEE50075F4C5 /* Release */ = {
			isa = XCBuildConfiguration;
			buildSettings = {
				ALWAYS_SEARCH_USER_PATHS = NO;
				CLANG_ANALYZER_NONNULL = YES;
				CLANG_ANALYZER_NUMBER_OBJECT_CONVERSION = YES_AGGRESSIVE;
				CLANG_CXX_LANGUAGE_STANDARD = "gnu++17";
				CLANG_ENABLE_MODULES = YES;
				CLANG_ENABLE_OBJC_ARC = YES;
				CLANG_ENABLE_OBJC_WEAK = YES;
				CLANG_WARN_BLOCK_CAPTURE_AUTORELEASING = YES;
				CLANG_WARN_BOOL_CONVERSION = YES;
				CLANG_WARN_COMMA = YES;
				CLANG_WARN_CONSTANT_CONVERSION = YES;
				CLANG_WARN_DEPRECATED_OBJC_IMPLEMENTATIONS = YES;
				CLANG_WARN_DIRECT_OBJC_ISA_USAGE = YES_ERROR;
				CLANG_WARN_DOCUMENTATION_COMMENTS = YES;
				CLANG_WARN_EMPTY_BODY = YES;
				CLANG_WARN_ENUM_CONVERSION = YES;
				CLANG_WARN_INFINITE_RECURSION = YES;
				CLANG_WARN_INT_CONVERSION = YES;
				CLANG_WARN_NON_LITERAL_NULL_CONVERSION = YES;
				CLANG_WARN_OBJC_IMPLICIT_RETAIN_SELF = YES;
				CLANG_WARN_OBJC_LITERAL_CONVERSION = YES;
				CLANG_WARN_OBJC_ROOT_CLASS = YES_ERROR;
				CLANG_WARN_QUOTED_INCLUDE_IN_FRAMEWORK_HEADER = YES;
				CLANG_WARN_RANGE_LOOP_ANALYSIS = YES;
				CLANG_WARN_STRICT_PROTOTYPES = YES;
				CLANG_WARN_SUSPICIOUS_MOVE = YES;
				CLANG_WARN_UNGUARDED_AVAILABILITY = YES_AGGRESSIVE;
				CLANG_WARN_UNREACHABLE_CODE = YES;
				CLANG_WARN__DUPLICATE_METHOD_MATCH = YES;
				COPY_PHASE_STRIP = NO;
				DEBUG_INFORMATION_FORMAT = "dwarf-with-dsym";
				ENABLE_NS_ASSERTIONS = NO;
				ENABLE_STRICT_OBJC_MSGSEND = YES;
				GCC_C_LANGUAGE_STANDARD = gnu11;
				GCC_NO_COMMON_BLOCKS = YES;
				GCC_WARN_64_TO_32_BIT_CONVERSION = YES;
				GCC_WARN_ABOUT_RETURN_TYPE = YES_ERROR;
				GCC_WARN_UNDECLARED_SELECTOR = YES;
				GCC_WARN_UNINITIALIZED_AUTOS = YES_AGGRESSIVE;
				GCC_WARN_UNUSED_FUNCTION = YES;
				GCC_WARN_UNUSED_VARIABLE = YES;
				MTL_ENABLE_DEBUG_INFO = NO;
				MTL_FAST_MATH = YES;
				SWIFT_COMPILATION_MODE = wholemodule;
				SWIFT_OPTIMIZATION_LEVEL = "-O";
			};
			name = Release;
		};
		92A2827B284EBEE50075F4C5 /* Debug */ = {
			isa = XCBuildConfiguration;
			buildSettings = {
				ASSETCATALOG_COMPILER_APPICON_NAME = AppIcon;
				ASSETCATALOG_COMPILER_GLOBAL_ACCENT_COLOR_NAME = AccentColor;
				CODE_SIGN_STYLE = Automatic;
				CURRENT_PROJECT_VERSION = 1;
				DEVELOPMENT_TEAM = C3J37A429V;
				ENABLE_PREVIEWS = YES;
				GENERATE_INFOPLIST_FILE = YES;
				INFOPLIST_KEY_UIApplicationSceneManifest_Generation = YES;
				INFOPLIST_KEY_UIApplicationSupportsIndirectInputEvents = YES;
				INFOPLIST_KEY_UILaunchScreen_Generation = YES;
				INFOPLIST_KEY_UISupportedInterfaceOrientations_iPad = "UIInterfaceOrientationPortrait UIInterfaceOrientationPortraitUpsideDown UIInterfaceOrientationLandscapeLeft UIInterfaceOrientationLandscapeRight";
				INFOPLIST_KEY_UISupportedInterfaceOrientations_iPhone = "UIInterfaceOrientationPortrait UIInterfaceOrientationLandscapeLeft UIInterfaceOrientationLandscapeRight";
				IPHONEOS_DEPLOYMENT_TARGET = 15.5;
				LD_RUNPATH_SEARCH_PATHS = (
					"$(inherited)",
					"@executable_path/Frameworks",
				);
				MARKETING_VERSION = 1.0;
				PRODUCT_BUNDLE_IDENTIFIER = mahikahosanee.NewYorkTimesTopStories;
				PRODUCT_NAME = NewYorkTimesTopStories;
				SDKROOT = iphoneos;
				SWIFT_EMIT_LOC_STRINGS = YES;
				SWIFT_VERSION = 5.0;
				TARGETED_DEVICE_FAMILY = "1,2";
			};
			name = Debug;
		};
		92A2827C284EBEE50075F4C5 /* Release */ = {
			isa = XCBuildConfiguration;
			buildSettings = {
				ASSETCATALOG_COMPILER_APPICON_NAME = AppIcon;
				ASSETCATALOG_COMPILER_GLOBAL_ACCENT_COLOR_NAME = AccentColor;
				CODE_SIGN_STYLE = Automatic;
				CURRENT_PROJECT_VERSION = 1;
				DEVELOPMENT_TEAM = C3J37A429V;
				ENABLE_PREVIEWS = YES;
				GENERATE_INFOPLIST_FILE = YES;
				INFOPLIST_KEY_UIApplicationSceneManifest_Generation = YES;
				INFOPLIST_KEY_UIApplicationSupportsIndirectInputEvents = YES;
				INFOPLIST_KEY_UILaunchScreen_Generation = YES;
				INFOPLIST_KEY_UISupportedInterfaceOrientations_iPad = "UIInterfaceOrientationPortrait UIInterfaceOrientationPortraitUpsideDown UIInterfaceOrientationLandscapeLeft UIInterfaceOrientationLandscapeRight";
				INFOPLIST_KEY_UISupportedInterfaceOrientations_iPhone = "UIInterfaceOrientationPortrait UIInterfaceOrientationLandscapeLeft UIInterfaceOrientationLandscapeRight";
				IPHONEOS_DEPLOYMENT_TARGET = 15.5;
				LD_RUNPATH_SEARCH_PATHS = (
					"$(inherited)",
					"@executable_path/Frameworks",
				);
				MARKETING_VERSION = 1.0;
				PRODUCT_BUNDLE_IDENTIFIER = mahikahosanee.NewYorkTimesTopStories;
				PRODUCT_NAME = NewYorkTimesTopStories;
				SDKROOT = iphoneos;
				SWIFT_EMIT_LOC_STRINGS = YES;
				SWIFT_VERSION = 5.0;
				TARGETED_DEVICE_FAMILY = "1,2";
				VALIDATE_PRODUCT = YES;
			};
			name = Release;
		};
		92A2827E284EBEE50075F4C5 /* Debug */ = {
			isa = XCBuildConfiguration;
			buildSettings = {
				ASSETCATALOG_COMPILER_APPICON_NAME = AppIcon;
				ASSETCATALOG_COMPILER_GLOBAL_ACCENT_COLOR_NAME = AccentColor;
				CODE_SIGN_ENTITLEMENTS = macOS/macOS.entitlements;
				CODE_SIGN_STYLE = Automatic;
				COMBINE_HIDPI_IMAGES = YES;
				CURRENT_PROJECT_VERSION = 1;
				DEVELOPMENT_TEAM = C3J37A429V;
				ENABLE_HARDENED_RUNTIME = YES;
				ENABLE_PREVIEWS = YES;
				GENERATE_INFOPLIST_FILE = YES;
				INFOPLIST_KEY_NSHumanReadableCopyright = "";
				LD_RUNPATH_SEARCH_PATHS = (
					"$(inherited)",
					"@executable_path/../Frameworks",
				);
				MACOSX_DEPLOYMENT_TARGET = 12.3;
				MARKETING_VERSION = 1.0;
				PRODUCT_BUNDLE_IDENTIFIER = mahikahosanee.NewYorkTimesTopStories;
				PRODUCT_NAME = NewYorkTimesTopStories;
				SDKROOT = macosx;
				SWIFT_EMIT_LOC_STRINGS = YES;
				SWIFT_VERSION = 5.0;
			};
			name = Debug;
		};
		92A2827F284EBEE50075F4C5 /* Release */ = {
			isa = XCBuildConfiguration;
			buildSettings = {
				ASSETCATALOG_COMPILER_APPICON_NAME = AppIcon;
				ASSETCATALOG_COMPILER_GLOBAL_ACCENT_COLOR_NAME = AccentColor;
				CODE_SIGN_ENTITLEMENTS = macOS/macOS.entitlements;
				CODE_SIGN_STYLE = Automatic;
				COMBINE_HIDPI_IMAGES = YES;
				CURRENT_PROJECT_VERSION = 1;
				DEVELOPMENT_TEAM = C3J37A429V;
				ENABLE_HARDENED_RUNTIME = YES;
				ENABLE_PREVIEWS = YES;
				GENERATE_INFOPLIST_FILE = YES;
				INFOPLIST_KEY_NSHumanReadableCopyright = "";
				LD_RUNPATH_SEARCH_PATHS = (
					"$(inherited)",
					"@executable_path/../Frameworks",
				);
				MACOSX_DEPLOYMENT_TARGET = 12.3;
				MARKETING_VERSION = 1.0;
				PRODUCT_BUNDLE_IDENTIFIER = mahikahosanee.NewYorkTimesTopStories;
				PRODUCT_NAME = NewYorkTimesTopStories;
				SDKROOT = macosx;
				SWIFT_EMIT_LOC_STRINGS = YES;
				SWIFT_VERSION = 5.0;
			};
			name = Release;
		};
		92A28281284EBEE50075F4C5 /* Debug */ = {
			isa = XCBuildConfiguration;
			buildSettings = {
				ALWAYS_EMBED_SWIFT_STANDARD_LIBRARIES = YES;
				CODE_SIGN_STYLE = Automatic;
				CURRENT_PROJECT_VERSION = 1;
				DEVELOPMENT_TEAM = C3J37A429V;
				GENERATE_INFOPLIST_FILE = YES;
				IPHONEOS_DEPLOYMENT_TARGET = 15.5;
				MARKETING_VERSION = 1.0;
				PRODUCT_BUNDLE_IDENTIFIER = "mahikahosanee.Tests-iOS";
				PRODUCT_NAME = "$(TARGET_NAME)";
				SDKROOT = iphoneos;
				SWIFT_EMIT_LOC_STRINGS = NO;
				SWIFT_VERSION = 5.0;
				TARGETED_DEVICE_FAMILY = "1,2";
				TEST_TARGET_NAME = "NewYorkTimesTopStories (iOS)";
			};
			name = Debug;
		};
		92A28282284EBEE50075F4C5 /* Release */ = {
			isa = XCBuildConfiguration;
			buildSettings = {
				ALWAYS_EMBED_SWIFT_STANDARD_LIBRARIES = YES;
				CODE_SIGN_STYLE = Automatic;
				CURRENT_PROJECT_VERSION = 1;
				DEVELOPMENT_TEAM = C3J37A429V;
				GENERATE_INFOPLIST_FILE = YES;
				IPHONEOS_DEPLOYMENT_TARGET = 15.5;
				MARKETING_VERSION = 1.0;
				PRODUCT_BUNDLE_IDENTIFIER = "mahikahosanee.Tests-iOS";
				PRODUCT_NAME = "$(TARGET_NAME)";
				SDKROOT = iphoneos;
				SWIFT_EMIT_LOC_STRINGS = NO;
				SWIFT_VERSION = 5.0;
				TARGETED_DEVICE_FAMILY = "1,2";
				TEST_TARGET_NAME = "NewYorkTimesTopStories (iOS)";
				VALIDATE_PRODUCT = YES;
			};
			name = Release;
		};
		92A28284284EBEE50075F4C5 /* Debug */ = {
			isa = XCBuildConfiguration;
			buildSettings = {
				ALWAYS_EMBED_SWIFT_STANDARD_LIBRARIES = YES;
				CODE_SIGN_STYLE = Automatic;
				CURRENT_PROJECT_VERSION = 1;
				DEVELOPMENT_TEAM = C3J37A429V;
				GENERATE_INFOPLIST_FILE = YES;
				MACOSX_DEPLOYMENT_TARGET = 12.3;
				MARKETING_VERSION = 1.0;
				PRODUCT_BUNDLE_IDENTIFIER = "mahikahosanee.Tests-macOS";
				PRODUCT_NAME = "$(TARGET_NAME)";
				SDKROOT = macosx;
				SWIFT_EMIT_LOC_STRINGS = NO;
				SWIFT_VERSION = 5.0;
				TEST_TARGET_NAME = "NewYorkTimesTopStories (macOS)";
			};
			name = Debug;
		};
		92A28285284EBEE50075F4C5 /* Release */ = {
			isa = XCBuildConfiguration;
			buildSettings = {
				ALWAYS_EMBED_SWIFT_STANDARD_LIBRARIES = YES;
				CODE_SIGN_STYLE = Automatic;
				CURRENT_PROJECT_VERSION = 1;
				DEVELOPMENT_TEAM = C3J37A429V;
				GENERATE_INFOPLIST_FILE = YES;
				MACOSX_DEPLOYMENT_TARGET = 12.3;
				MARKETING_VERSION = 1.0;
				PRODUCT_BUNDLE_IDENTIFIER = "mahikahosanee.Tests-macOS";
				PRODUCT_NAME = "$(TARGET_NAME)";
				SDKROOT = macosx;
				SWIFT_EMIT_LOC_STRINGS = NO;
				SWIFT_VERSION = 5.0;
				TEST_TARGET_NAME = "NewYorkTimesTopStories (macOS)";
			};
			name = Release;
		};
/* End XCBuildConfiguration section */

/* Begin XCConfigurationList section */
		92A28248284EBEE30075F4C5 /* Build configuration list for PBXProject "NewYorkTimesTopStories" */ = {
			isa = XCConfigurationList;
			buildConfigurations = (
				92A28278284EBEE50075F4C5 /* Debug */,
				92A28279284EBEE50075F4C5 /* Release */,
			);
			defaultConfigurationIsVisible = 0;
			defaultConfigurationName = Release;
		};
		92A2827A284EBEE50075F4C5 /* Build configuration list for PBXNativeTarget "NewYorkTimesTopStories (iOS)" */ = {
			isa = XCConfigurationList;
			buildConfigurations = (
				92A2827B284EBEE50075F4C5 /* Debug */,
				92A2827C284EBEE50075F4C5 /* Release */,
			);
			defaultConfigurationIsVisible = 0;
			defaultConfigurationName = Release;
		};
		92A2827D284EBEE50075F4C5 /* Build configuration list for PBXNativeTarget "NewYorkTimesTopStories (macOS)" */ = {
			isa = XCConfigurationList;
			buildConfigurations = (
				92A2827E284EBEE50075F4C5 /* Debug */,
				92A2827F284EBEE50075F4C5 /* Release */,
			);
			defaultConfigurationIsVisible = 0;
			defaultConfigurationName = Release;
		};
		92A28280284EBEE50075F4C5 /* Build configuration list for PBXNativeTarget "Tests iOS" */ = {
			isa = XCConfigurationList;
			buildConfigurations = (
				92A28281284EBEE50075F4C5 /* Debug */,
				92A28282284EBEE50075F4C5 /* Release */,
			);
			defaultConfigurationIsVisible = 0;
			defaultConfigurationName = Release;
		};
		92A28283284EBEE50075F4C5 /* Build configuration list for PBXNativeTarget "Tests macOS" */ = {
			isa = XCConfigurationList;
			buildConfigurations = (
				92A28284284EBEE50075F4C5 /* Debug */,
				92A28285284EBEE50075F4C5 /* Release */,
			);
			defaultConfigurationIsVisible = 0;
			defaultConfigurationName = Release;
		};
/* End XCConfigurationList section */
	};
	rootObject = 92A28245284EBEE30075F4C5 /* Project object */;
}
